
Microsoft Visual Studio Solution File, Format Version 12.00
# Visual Studio Version 16
VisualStudioVersion = 16.0.31515.178
MinimumVisualStudioVersion = 10.0.40219.1
Project("{FAE04EC0-301F-11D3-BF4B-00C04F79EFBC}") = "sonia-estetica-api", "sonia-estetica-api\sonia-estetica-api.csproj", "{DA577CFE-9081-40F0-876F-35F217459692}"
EndProject
Project("{FAE04EC0-301F-11D3-BF4B-00C04F79EFBC}") = "sonia-estetica-dataAccess", "sonia-estetica-dataAccess\sonia-estetica-dataAccess.csproj", "{726F872F-D6A4-4ABC-8E2F-D921233793AB}"
EndProject
Global
	GlobalSection(SolutionConfigurationPlatforms) = preSolution
		Debug|Any CPU = Debug|Any CPU
		Release|Any CPU = Release|Any CPU
	EndGlobalSection
	GlobalSection(ProjectConfigurationPlatforms) = postSolution
		{DA577CFE-9081-40F0-876F-35F217459692}.Debug|Any CPU.ActiveCfg = Debug|Any CPU
		{DA577CFE-9081-40F0-876F-35F217459692}.Debug|Any CPU.Build.0 = Debug|Any CPU
		{DA577CFE-9081-40F0-876F-35F217459692}.Release|Any CPU.ActiveCfg = Release|Any CPU
		{DA577CFE-9081-40F0-876F-35F217459692}.Release|Any CPU.Build.0 = Release|Any CPU
		{726F872F-D6A4-4ABC-8E2F-D921233793AB}.Debug|Any CPU.ActiveCfg = Debug|Any CPU
		{726F872F-D6A4-4ABC-8E2F-D921233793AB}.Debug|Any CPU.Build.0 = Debug|Any CPU
		{726F872F-D6A4-4ABC-8E2F-D921233793AB}.Release|Any CPU.ActiveCfg = Release|Any CPU
		{726F872F-D6A4-4ABC-8E2F-D921233793AB}.Release|Any CPU.Build.0 = Release|Any CPU
	EndGlobalSection
	GlobalSection(SolutionProperties) = preSolution
		HideSolutionNode = FALSE
	EndGlobalSection
	GlobalSection(ExtensibilityGlobals) = postSolution
		SolutionGuid = {21CC30AF-8559-4C48-A287-AC9B29A988AE}
	EndGlobalSection
EndGlobal
